
Microsoft Visual Studio Solution File, Format Version 12.00
# Visual Studio Version 16
VisualStudioVersion = 16.0.31424.327
MinimumVisualStudioVersion = 10.0.40219.1
Project("{FAE04EC0-301F-11D3-BF4B-00C04F79EFBC}") = "ConsoleArgs", "ConsoleArgs\ConsoleArgs.csproj", "{7D7F9303-1AA3-4D9B-BDDF-3BE0CBCCE86F}"
EndProject
Project("{FAE04EC0-301F-11D3-BF4B-00C04F79EFBC}") = "ConsoleArray", "ConsoleArray\ConsoleArray.csproj", "{43E6C2B3-4B2E-4797-B90E-F6720A435A3B}"
EndProject
Global
	GlobalSection(SolutionConfigurationPlatforms) = preSolution
		Debug|Any CPU = Debug|Any CPU
		Release|Any CPU = Release|Any CPU
	EndGlobalSection
	GlobalSection(ProjectConfigurationPlatforms) = postSolution
		{7D7F9303-1AA3-4D9B-BDDF-3BE0CBCCE86F}.Debug|Any CPU.ActiveCfg = Debug|Any CPU
		{7D7F9303-1AA3-4D9B-BDDF-3BE0CBCCE86F}.Debug|Any CPU.Build.0 = Debug|Any CPU
		{7D7F9303-1AA3-4D9B-BDDF-3BE0CBCCE86F}.Release|Any CPU.ActiveCfg = Release|Any CPU
		{7D7F9303-1AA3-4D9B-BDDF-3BE0CBCCE86F}.Release|Any CPU.Build.0 = Release|Any CPU
		{43E6C2B3-4B2E-4797-B90E-F6720A435A3B}.Debug|Any CPU.ActiveCfg = Debug|Any CPU
		{43E6C2B3-4B2E-4797-B90E-F6720A435A3B}.Debug|Any CPU.Build.0 = Debug|Any CPU
		{43E6C2B3-4B2E-4797-B90E-F6720A435A3B}.Release|Any CPU.ActiveCfg = Release|Any CPU
		{43E6C2B3-4B2E-4797-B90E-F6720A435A3B}.Release|Any CPU.Build.0 = Release|Any CPU
	EndGlobalSection
	GlobalSection(SolutionProperties) = preSolution
		HideSolutionNode = FALSE
	EndGlobalSection
	GlobalSection(ExtensibilityGlobals) = postSolution
		SolutionGuid = {0E7609DA-4B70-4056-A2C8-43E616C43C9C}
	EndGlobalSection
EndGlobal
