
Microsoft Visual Studio Solution File, Format Version 12.00
# Visual Studio Version 16
VisualStudioVersion = 16.0.31424.327
MinimumVisualStudioVersion = 10.0.40219.1
Project("{FAE04EC0-301F-11D3-BF4B-00C04F79EFBC}") = "ConsoleArgs", "ConsoleArgs\ConsoleArgs.csproj", "{7D7F9303-1AA3-4D9B-BDDF-3BE0CBCCE86F}"
EndProject
Project("{FAE04EC0-301F-11D3-BF4B-00C04F79EFBC}") = "ConsoleArray", "ConsoleArray\ConsoleArray.csproj", "{43E6C2B3-4B2E-4797-B90E-F6720A435A3B}"
EndProject
Project("{FAE04EC0-301F-11D3-BF4B-00C04F79EFBC}") = "MyEventHandler", "MyEventHandler\MyEventHandler.csproj", "{B9B06491-E37F-49DE-88A9-7419A30F41F8}"
EndProject
Project("{FAE04EC0-301F-11D3-BF4B-00C04F79EFBC}") = "MyEventsss", "MyEventsss\MyEventsss.csproj", "{9DE1571F-50B5-4F18-9056-DBA05D3C1EED}"
EndProject
Project("{FAE04EC0-301F-11D3-BF4B-00C04F79EFBC}") = "MyFuncOverloading", "MyFuncOverloading\MyFuncOverloading.csproj", "{B5D04CA0-DDFA-4139-9EDE-42EE53B375A5}"
EndProject
Project("{FAE04EC0-301F-11D3-BF4B-00C04F79EFBC}") = "MyGame1", "MyGame1\MyGame1.csproj", "{A8720E8E-0E64-4B9E-9B78-B2B37D44A862}"
EndProject
Project("{FAE04EC0-301F-11D3-BF4B-00C04F79EFBC}") = "MyLibrary", "MyLibrary\MyLibrary.csproj", "{21054BDD-62A7-4063-A20D-1EB62B703291}"
EndProject
Project("{FAE04EC0-301F-11D3-BF4B-00C04F79EFBC}") = "MyKeyEvent", "MyKeyEvent\MyKeyEvent.csproj", "{FD365DAF-C9F8-4719-BFD2-CBEBA0FCF7EC}"
EndProject
Project("{FAE04EC0-301F-11D3-BF4B-00C04F79EFBC}") = "MyDirectGame", "MyDirectGame\MyDirectGame.csproj", "{9B9211F6-D169-49C6-AED7-50D983B93C3E}"
EndProject
Global
	GlobalSection(SolutionConfigurationPlatforms) = preSolution
		Debug|Any CPU = Debug|Any CPU
		Release|Any CPU = Release|Any CPU
	EndGlobalSection
	GlobalSection(ProjectConfigurationPlatforms) = postSolution
		{7D7F9303-1AA3-4D9B-BDDF-3BE0CBCCE86F}.Debug|Any CPU.ActiveCfg = Debug|Any CPU
		{7D7F9303-1AA3-4D9B-BDDF-3BE0CBCCE86F}.Debug|Any CPU.Build.0 = Debug|Any CPU
		{7D7F9303-1AA3-4D9B-BDDF-3BE0CBCCE86F}.Release|Any CPU.ActiveCfg = Release|Any CPU
		{7D7F9303-1AA3-4D9B-BDDF-3BE0CBCCE86F}.Release|Any CPU.Build.0 = Release|Any CPU
		{43E6C2B3-4B2E-4797-B90E-F6720A435A3B}.Debug|Any CPU.ActiveCfg = Debug|Any CPU
		{43E6C2B3-4B2E-4797-B90E-F6720A435A3B}.Debug|Any CPU.Build.0 = Debug|Any CPU
		{43E6C2B3-4B2E-4797-B90E-F6720A435A3B}.Release|Any CPU.ActiveCfg = Release|Any CPU
		{43E6C2B3-4B2E-4797-B90E-F6720A435A3B}.Release|Any CPU.Build.0 = Release|Any CPU
		{B9B06491-E37F-49DE-88A9-7419A30F41F8}.Debug|Any CPU.ActiveCfg = Debug|Any CPU
		{B9B06491-E37F-49DE-88A9-7419A30F41F8}.Debug|Any CPU.Build.0 = Debug|Any CPU
		{B9B06491-E37F-49DE-88A9-7419A30F41F8}.Release|Any CPU.ActiveCfg = Release|Any CPU
		{B9B06491-E37F-49DE-88A9-7419A30F41F8}.Release|Any CPU.Build.0 = Release|Any CPU
		{9DE1571F-50B5-4F18-9056-DBA05D3C1EED}.Debug|Any CPU.ActiveCfg = Debug|Any CPU
		{9DE1571F-50B5-4F18-9056-DBA05D3C1EED}.Debug|Any CPU.Build.0 = Debug|Any CPU
		{9DE1571F-50B5-4F18-9056-DBA05D3C1EED}.Release|Any CPU.ActiveCfg = Release|Any CPU
		{9DE1571F-50B5-4F18-9056-DBA05D3C1EED}.Release|Any CPU.Build.0 = Release|Any CPU
		{B5D04CA0-DDFA-4139-9EDE-42EE53B375A5}.Debug|Any CPU.ActiveCfg = Debug|Any CPU
		{B5D04CA0-DDFA-4139-9EDE-42EE53B375A5}.Debug|Any CPU.Build.0 = Debug|Any CPU
		{B5D04CA0-DDFA-4139-9EDE-42EE53B375A5}.Release|Any CPU.ActiveCfg = Release|Any CPU
		{B5D04CA0-DDFA-4139-9EDE-42EE53B375A5}.Release|Any CPU.Build.0 = Release|Any CPU
		{A8720E8E-0E64-4B9E-9B78-B2B37D44A862}.Debug|Any CPU.ActiveCfg = Debug|Any CPU
		{A8720E8E-0E64-4B9E-9B78-B2B37D44A862}.Debug|Any CPU.Build.0 = Debug|Any CPU
		{A8720E8E-0E64-4B9E-9B78-B2B37D44A862}.Release|Any CPU.ActiveCfg = Release|Any CPU
		{A8720E8E-0E64-4B9E-9B78-B2B37D44A862}.Release|Any CPU.Build.0 = Release|Any CPU
		{21054BDD-62A7-4063-A20D-1EB62B703291}.Debug|Any CPU.ActiveCfg = Debug|Any CPU
		{21054BDD-62A7-4063-A20D-1EB62B703291}.Debug|Any CPU.Build.0 = Debug|Any CPU
		{21054BDD-62A7-4063-A20D-1EB62B703291}.Release|Any CPU.ActiveCfg = Release|Any CPU
		{21054BDD-62A7-4063-A20D-1EB62B703291}.Release|Any CPU.Build.0 = Release|Any CPU
		{FD365DAF-C9F8-4719-BFD2-CBEBA0FCF7EC}.Debug|Any CPU.ActiveCfg = Debug|Any CPU
		{FD365DAF-C9F8-4719-BFD2-CBEBA0FCF7EC}.Debug|Any CPU.Build.0 = Debug|Any CPU
		{FD365DAF-C9F8-4719-BFD2-CBEBA0FCF7EC}.Release|Any CPU.ActiveCfg = Release|Any CPU
		{FD365DAF-C9F8-4719-BFD2-CBEBA0FCF7EC}.Release|Any CPU.Build.0 = Release|Any CPU
		{9B9211F6-D169-49C6-AED7-50D983B93C3E}.Debug|Any CPU.ActiveCfg = Debug|Any CPU
		{9B9211F6-D169-49C6-AED7-50D983B93C3E}.Debug|Any CPU.Build.0 = Debug|Any CPU
		{9B9211F6-D169-49C6-AED7-50D983B93C3E}.Release|Any CPU.ActiveCfg = Release|Any CPU
		{9B9211F6-D169-49C6-AED7-50D983B93C3E}.Release|Any CPU.Build.0 = Release|Any CPU
	EndGlobalSection
	GlobalSection(SolutionProperties) = preSolution
		HideSolutionNode = FALSE
	EndGlobalSection
	GlobalSection(ExtensibilityGlobals) = postSolution
		SolutionGuid = {0E7609DA-4B70-4056-A2C8-43E616C43C9C}
	EndGlobalSection
EndGlobal
