
Microsoft Visual Studio Solution File, Format Version 12.00
# Visual Studio Version 16
VisualStudioVersion = 16.0.31424.327
MinimumVisualStudioVersion = 10.0.40219.1
Project("{FAE04EC0-301F-11D3-BF4B-00C04F79EFBC}") = "MyGame1", "MyGame1.csproj", "{A8720E8E-0E64-4B9E-9B78-B2B37D44A862}"
EndProject
Global
	GlobalSection(SolutionConfigurationPlatforms) = preSolution
		Debug|Any CPU = Debug|Any CPU
		Release|Any CPU = Release|Any CPU
	EndGlobalSection
	GlobalSection(ProjectConfigurationPlatforms) = postSolution
		{A8720E8E-0E64-4B9E-9B78-B2B37D44A862}.Debug|Any CPU.ActiveCfg = Debug|Any CPU
		{A8720E8E-0E64-4B9E-9B78-B2B37D44A862}.Debug|Any CPU.Build.0 = Debug|Any CPU
		{A8720E8E-0E64-4B9E-9B78-B2B37D44A862}.Release|Any CPU.ActiveCfg = Release|Any CPU
		{A8720E8E-0E64-4B9E-9B78-B2B37D44A862}.Release|Any CPU.Build.0 = Release|Any CPU
	EndGlobalSection
	GlobalSection(SolutionProperties) = preSolution
		HideSolutionNode = FALSE
	EndGlobalSection
	GlobalSection(ExtensibilityGlobals) = postSolution
		SolutionGuid = {B38E89D6-DB78-4987-8B15-727D43CA6C5B}
	EndGlobalSection
EndGlobal
