
Microsoft Visual Studio Solution File, Format Version 12.00
# Visual Studio Version 16
VisualStudioVersion = 16.0.31424.327
MinimumVisualStudioVersion = 10.0.40219.1
Project("{FAE04EC0-301F-11D3-BF4B-00C04F79EFBC}") = "MyEventsss", "MyEventsss.csproj", "{9DE1571F-50B5-4F18-9056-DBA05D3C1EED}"
EndProject
Global
	GlobalSection(SolutionConfigurationPlatforms) = preSolution
		Debug|Any CPU = Debug|Any CPU
		Release|Any CPU = Release|Any CPU
	EndGlobalSection
	GlobalSection(ProjectConfigurationPlatforms) = postSolution
		{9DE1571F-50B5-4F18-9056-DBA05D3C1EED}.Debug|Any CPU.ActiveCfg = Debug|Any CPU
		{9DE1571F-50B5-4F18-9056-DBA05D3C1EED}.Debug|Any CPU.Build.0 = Debug|Any CPU
		{9DE1571F-50B5-4F18-9056-DBA05D3C1EED}.Release|Any CPU.ActiveCfg = Release|Any CPU
		{9DE1571F-50B5-4F18-9056-DBA05D3C1EED}.Release|Any CPU.Build.0 = Release|Any CPU
	EndGlobalSection
	GlobalSection(SolutionProperties) = preSolution
		HideSolutionNode = FALSE
	EndGlobalSection
	GlobalSection(ExtensibilityGlobals) = postSolution
		SolutionGuid = {50A832F2-5AE7-4818-AF52-710AC83E84D1}
	EndGlobalSection
EndGlobal
